
Microsoft Visual Studio Solution File, Format Version 12.00
# Visual Studio Version 16
VisualStudioVersion = 16.0.30413.136
MinimumVisualStudioVersion = 10.0.40219.1
Project("{2150E333-8FDC-42A3-9474-1A3956D46DE8}") = "MicroServices", "MicroServices", "{41F6C0B8-C64A-4434-8F1D-A45618DEF45F}"
EndProject
Project("{2150E333-8FDC-42A3-9474-1A3956D46DE8}") = "Domain", "Domain", "{643789F7-6388-43FF-B8B4-7F15BD3DF776}"
EndProject
Project("{2150E333-8FDC-42A3-9474-1A3956D46DE8}") = "Infra.Bus", "Infra.Bus", "{5B00DCA7-E0A0-4F25-A81E-3DE11E7F9388}"
EndProject
Project("{2150E333-8FDC-42A3-9474-1A3956D46DE8}") = "Infra.IoC", "Infra.IoC", "{8A24BAD5-9C64-40A8-8888-977432195A04}"
EndProject
Project("{2150E333-8FDC-42A3-9474-1A3956D46DE8}") = "Presentation", "Presentation", "{F3FB37A8-ADE7-481F-BFCE-DE2A8E33899D}"
EndProject
Project("{9A19103F-16F7-4668-BE54-9A1E7A4F7556}") = "MicroRabbit.Domain.Core", "MicroRabbit.Domain.Core\MicroRabbit.Domain.Core.csproj", "{5901E888-CBFC-4275-B2F6-752CECF6D59C}"
EndProject
Project("{9A19103F-16F7-4668-BE54-9A1E7A4F7556}") = "MicroRabbit.Infra.Bus", "MicroRabbit.Infra.Bus\MicroRabbit.Infra.Bus.csproj", "{C789B30E-B4B5-4280-BCE4-3339C49A5532}"
EndProject
Project("{9A19103F-16F7-4668-BE54-9A1E7A4F7556}") = "MicroRabbit.Infra.IoC", "MicroRabbit.Infra.IoC\MicroRabbit.Infra.IoC.csproj", "{E6A3D145-C35E-4835-9FF5-8F6D4192CCCA}"
EndProject
Project("{2150E333-8FDC-42A3-9474-1A3956D46DE8}") = "Banking", "Banking", "{6A8A2842-5D48-4C01-8AD3-1174595F75F0}"
EndProject
Project("{2150E333-8FDC-42A3-9474-1A3956D46DE8}") = "API", "API", "{5EC1443F-38F7-47D6-A9F9-FC588D327690}"
EndProject
Project("{2150E333-8FDC-42A3-9474-1A3956D46DE8}") = "Domain", "Domain", "{CB786284-44D5-4F87-BFDE-52012F5CC536}"
EndProject
Project("{2150E333-8FDC-42A3-9474-1A3956D46DE8}") = "Application", "Application", "{A1DBF0DE-1083-4B91-B883-F424BF596970}"
EndProject
Project("{2150E333-8FDC-42A3-9474-1A3956D46DE8}") = "Data", "Data", "{54BE4FC5-2E87-402E-ABE5-D51050184944}"
EndProject
Project("{FAE04EC0-301F-11D3-BF4B-00C04F79EFBC}") = "MicroRabbit.Banking.API", "MicroRabbit.Banking.API\MicroRabbit.Banking.API.csproj", "{6AEFBBA6-6FCB-4083-83AB-F83F136D1EED}"
EndProject
Project("{FAE04EC0-301F-11D3-BF4B-00C04F79EFBC}") = "MicroRabbit.Banking.Application", "MicroRabbit.Banking.Application\MicroRabbit.Banking.Application.csproj", "{F2934420-C741-4E13-9950-438D9D4948CC}"
EndProject
Project("{FAE04EC0-301F-11D3-BF4B-00C04F79EFBC}") = "MicroRabbit.Banking.Data", "MicroRabbit.Banking.Data\MicroRabbit.Banking.Data.csproj", "{E37C2DE5-E896-4BA1-8767-2A8357C54C8C}"
EndProject
Project("{FAE04EC0-301F-11D3-BF4B-00C04F79EFBC}") = "MicroRabbit.Banking.Domain", "MicroRabbit.Banking.Domain\MicroRabbit.Banking.Domain.csproj", "{8D1C2745-41E7-4910-8FD3-9182AD6E7437}"
EndProject
Global
	GlobalSection(SolutionConfigurationPlatforms) = preSolution
		Debug|Any CPU = Debug|Any CPU
		Release|Any CPU = Release|Any CPU
	EndGlobalSection
	GlobalSection(ProjectConfigurationPlatforms) = postSolution
		{5901E888-CBFC-4275-B2F6-752CECF6D59C}.Debug|Any CPU.ActiveCfg = Debug|Any CPU
		{5901E888-CBFC-4275-B2F6-752CECF6D59C}.Debug|Any CPU.Build.0 = Debug|Any CPU
		{5901E888-CBFC-4275-B2F6-752CECF6D59C}.Release|Any CPU.ActiveCfg = Release|Any CPU
		{5901E888-CBFC-4275-B2F6-752CECF6D59C}.Release|Any CPU.Build.0 = Release|Any CPU
		{C789B30E-B4B5-4280-BCE4-3339C49A5532}.Debug|Any CPU.ActiveCfg = Debug|Any CPU
		{C789B30E-B4B5-4280-BCE4-3339C49A5532}.Debug|Any CPU.Build.0 = Debug|Any CPU
		{C789B30E-B4B5-4280-BCE4-3339C49A5532}.Release|Any CPU.ActiveCfg = Release|Any CPU
		{C789B30E-B4B5-4280-BCE4-3339C49A5532}.Release|Any CPU.Build.0 = Release|Any CPU
		{E6A3D145-C35E-4835-9FF5-8F6D4192CCCA}.Debug|Any CPU.ActiveCfg = Debug|Any CPU
		{E6A3D145-C35E-4835-9FF5-8F6D4192CCCA}.Debug|Any CPU.Build.0 = Debug|Any CPU
		{E6A3D145-C35E-4835-9FF5-8F6D4192CCCA}.Release|Any CPU.ActiveCfg = Release|Any CPU
		{E6A3D145-C35E-4835-9FF5-8F6D4192CCCA}.Release|Any CPU.Build.0 = Release|Any CPU
		{6AEFBBA6-6FCB-4083-83AB-F83F136D1EED}.Debug|Any CPU.ActiveCfg = Debug|Any CPU
		{6AEFBBA6-6FCB-4083-83AB-F83F136D1EED}.Debug|Any CPU.Build.0 = Debug|Any CPU
		{6AEFBBA6-6FCB-4083-83AB-F83F136D1EED}.Release|Any CPU.ActiveCfg = Release|Any CPU
		{6AEFBBA6-6FCB-4083-83AB-F83F136D1EED}.Release|Any CPU.Build.0 = Release|Any CPU
		{F2934420-C741-4E13-9950-438D9D4948CC}.Debug|Any CPU.ActiveCfg = Debug|Any CPU
		{F2934420-C741-4E13-9950-438D9D4948CC}.Debug|Any CPU.Build.0 = Debug|Any CPU
		{F2934420-C741-4E13-9950-438D9D4948CC}.Release|Any CPU.ActiveCfg = Release|Any CPU
		{F2934420-C741-4E13-9950-438D9D4948CC}.Release|Any CPU.Build.0 = Release|Any CPU
		{E37C2DE5-E896-4BA1-8767-2A8357C54C8C}.Debug|Any CPU.ActiveCfg = Debug|Any CPU
		{E37C2DE5-E896-4BA1-8767-2A8357C54C8C}.Debug|Any CPU.Build.0 = Debug|Any CPU
		{E37C2DE5-E896-4BA1-8767-2A8357C54C8C}.Release|Any CPU.ActiveCfg = Release|Any CPU
		{E37C2DE5-E896-4BA1-8767-2A8357C54C8C}.Release|Any CPU.Build.0 = Release|Any CPU
		{8D1C2745-41E7-4910-8FD3-9182AD6E7437}.Debug|Any CPU.ActiveCfg = Debug|Any CPU
		{8D1C2745-41E7-4910-8FD3-9182AD6E7437}.Debug|Any CPU.Build.0 = Debug|Any CPU
		{8D1C2745-41E7-4910-8FD3-9182AD6E7437}.Release|Any CPU.ActiveCfg = Release|Any CPU
		{8D1C2745-41E7-4910-8FD3-9182AD6E7437}.Release|Any CPU.Build.0 = Release|Any CPU
	EndGlobalSection
	GlobalSection(SolutionProperties) = preSolution
		HideSolutionNode = FALSE
	EndGlobalSection
	GlobalSection(NestedProjects) = preSolution
		{5901E888-CBFC-4275-B2F6-752CECF6D59C} = {643789F7-6388-43FF-B8B4-7F15BD3DF776}
		{C789B30E-B4B5-4280-BCE4-3339C49A5532} = {5B00DCA7-E0A0-4F25-A81E-3DE11E7F9388}
		{E6A3D145-C35E-4835-9FF5-8F6D4192CCCA} = {8A24BAD5-9C64-40A8-8888-977432195A04}
		{6A8A2842-5D48-4C01-8AD3-1174595F75F0} = {41F6C0B8-C64A-4434-8F1D-A45618DEF45F}
		{5EC1443F-38F7-47D6-A9F9-FC588D327690} = {6A8A2842-5D48-4C01-8AD3-1174595F75F0}
		{CB786284-44D5-4F87-BFDE-52012F5CC536} = {6A8A2842-5D48-4C01-8AD3-1174595F75F0}
		{A1DBF0DE-1083-4B91-B883-F424BF596970} = {6A8A2842-5D48-4C01-8AD3-1174595F75F0}
		{54BE4FC5-2E87-402E-ABE5-D51050184944} = {6A8A2842-5D48-4C01-8AD3-1174595F75F0}
		{6AEFBBA6-6FCB-4083-83AB-F83F136D1EED} = {5EC1443F-38F7-47D6-A9F9-FC588D327690}
		{F2934420-C741-4E13-9950-438D9D4948CC} = {A1DBF0DE-1083-4B91-B883-F424BF596970}
		{E37C2DE5-E896-4BA1-8767-2A8357C54C8C} = {54BE4FC5-2E87-402E-ABE5-D51050184944}
		{8D1C2745-41E7-4910-8FD3-9182AD6E7437} = {CB786284-44D5-4F87-BFDE-52012F5CC536}
	EndGlobalSection
	GlobalSection(ExtensibilityGlobals) = postSolution
		SolutionGuid = {40AFF064-5D01-4047-864D-46B364192F17}
	EndGlobalSection
EndGlobal
